
Microsoft Visual Studio Solution File, Format Version 12.00
# Visual Studio 15
VisualStudioVersion = 15.0.27130.0
MinimumVisualStudioVersion = 10.0.40219.1
Project("{FAE04EC0-301F-11D3-BF4B-00C04F79EFBC}") = "SimpleClient", "SimpleClient\SimpleClient.csproj", "{26CF0C4A-35D7-461A-9C0A-29759856C10A}"
EndProject
Project("{FAE04EC0-301F-11D3-BF4B-00C04F79EFBC}") = "SimpleServer", "SimpleServer\SimpleServer.csproj", "{4E2112D9-775A-4196-BC7A-CE9A4F0DA877}"
EndProject
Global
	GlobalSection(SolutionConfigurationPlatforms) = preSolution
		Debug|Any CPU = Debug|Any CPU
		Release|Any CPU = Release|Any CPU
	EndGlobalSection
	GlobalSection(ProjectConfigurationPlatforms) = postSolution
		{26CF0C4A-35D7-461A-9C0A-29759856C10A}.Debug|Any CPU.ActiveCfg = Debug|Any CPU
		{26CF0C4A-35D7-461A-9C0A-29759856C10A}.Debug|Any CPU.Build.0 = Debug|Any CPU
		{26CF0C4A-35D7-461A-9C0A-29759856C10A}.Release|Any CPU.ActiveCfg = Release|Any CPU
		{26CF0C4A-35D7-461A-9C0A-29759856C10A}.Release|Any CPU.Build.0 = Release|Any CPU
		{4E2112D9-775A-4196-BC7A-CE9A4F0DA877}.Debug|Any CPU.ActiveCfg = Debug|Any CPU
		{4E2112D9-775A-4196-BC7A-CE9A4F0DA877}.Debug|Any CPU.Build.0 = Debug|Any CPU
		{4E2112D9-775A-4196-BC7A-CE9A4F0DA877}.Release|Any CPU.ActiveCfg = Release|Any CPU
		{4E2112D9-775A-4196-BC7A-CE9A4F0DA877}.Release|Any CPU.Build.0 = Release|Any CPU
	EndGlobalSection
	GlobalSection(SolutionProperties) = preSolution
		HideSolutionNode = FALSE
	EndGlobalSection
	GlobalSection(ExtensibilityGlobals) = postSolution
		SolutionGuid = {7292A6AC-288D-400A-9456-BD56E3B27221}
	EndGlobalSection
EndGlobal
